
Microsoft Visual Studio Solution File, Format Version 12.00
# Visual Studio 15
VisualStudioVersion = 15.0.27428.2015
MinimumVisualStudioVersion = 10.0.40219.1
Project("{FAE04EC0-301F-11D3-BF4B-00C04F79EFBC}") = "Canducci.Excel", "Canducci.Excel\Canducci.Excel.csproj", "{07ABDF9A-4697-4906-BC59-04EB0CAB9483}"
EndProject
Project("{FAE04EC0-301F-11D3-BF4B-00C04F79EFBC}") = "Canducci.Console.Test", "Canducci.Console.Test\Canducci.Console.Test.csproj", "{21544B94-062F-404C-B602-4A306DE38A7F}"
EndProject
Global
	GlobalSection(SolutionConfigurationPlatforms) = preSolution
		Debug|Any CPU = Debug|Any CPU
		Release|Any CPU = Release|Any CPU
	EndGlobalSection
	GlobalSection(ProjectConfigurationPlatforms) = postSolution
		{07ABDF9A-4697-4906-BC59-04EB0CAB9483}.Debug|Any CPU.ActiveCfg = Debug|Any CPU
		{07ABDF9A-4697-4906-BC59-04EB0CAB9483}.Debug|Any CPU.Build.0 = Debug|Any CPU
		{07ABDF9A-4697-4906-BC59-04EB0CAB9483}.Release|Any CPU.ActiveCfg = Release|Any CPU
		{07ABDF9A-4697-4906-BC59-04EB0CAB9483}.Release|Any CPU.Build.0 = Release|Any CPU
		{21544B94-062F-404C-B602-4A306DE38A7F}.Debug|Any CPU.ActiveCfg = Debug|Any CPU
		{21544B94-062F-404C-B602-4A306DE38A7F}.Debug|Any CPU.Build.0 = Debug|Any CPU
		{21544B94-062F-404C-B602-4A306DE38A7F}.Release|Any CPU.ActiveCfg = Release|Any CPU
		{21544B94-062F-404C-B602-4A306DE38A7F}.Release|Any CPU.Build.0 = Release|Any CPU
	EndGlobalSection
	GlobalSection(SolutionProperties) = preSolution
		HideSolutionNode = FALSE
	EndGlobalSection
	GlobalSection(ExtensibilityGlobals) = postSolution
		SolutionGuid = {441C4335-4EA8-4871-868E-FF16E540C0AC}
	EndGlobalSection
EndGlobal
